
Microsoft Visual Studio Solution File, Format Version 12.00
# Visual Studio Version 16
VisualStudioVersion = 16.0.31702.278
MinimumVisualStudioVersion = 10.0.40219.1
Project("{FAE04EC0-301F-11D3-BF4B-00C04F79EFBC}") = "ObserverPattern", "ObserverPattern\ObserverPattern.csproj", "{BF3D79EB-E967-4AA3-B030-700D735E0D7F}"
EndProject
Project("{FAE04EC0-301F-11D3-BF4B-00C04F79EFBC}") = "StatePattern", "StatePattern\StatePattern.csproj", "{F62E9854-7BB7-4098-BCAD-02D838075745}"
EndProject
Project("{FAE04EC0-301F-11D3-BF4B-00C04F79EFBC}") = "StrategyPattern", "StrategyPattern\StrategyPattern.csproj", "{FF946AC6-F988-4265-A0C6-A112DBDBB5AF}"
EndProject
Global
	GlobalSection(SolutionConfigurationPlatforms) = preSolution
		Debug|Any CPU = Debug|Any CPU
		Release|Any CPU = Release|Any CPU
	EndGlobalSection
	GlobalSection(ProjectConfigurationPlatforms) = postSolution
		{BF3D79EB-E967-4AA3-B030-700D735E0D7F}.Debug|Any CPU.ActiveCfg = Debug|Any CPU
		{BF3D79EB-E967-4AA3-B030-700D735E0D7F}.Debug|Any CPU.Build.0 = Debug|Any CPU
		{BF3D79EB-E967-4AA3-B030-700D735E0D7F}.Release|Any CPU.ActiveCfg = Release|Any CPU
		{BF3D79EB-E967-4AA3-B030-700D735E0D7F}.Release|Any CPU.Build.0 = Release|Any CPU
		{F62E9854-7BB7-4098-BCAD-02D838075745}.Debug|Any CPU.ActiveCfg = Debug|Any CPU
		{F62E9854-7BB7-4098-BCAD-02D838075745}.Debug|Any CPU.Build.0 = Debug|Any CPU
		{F62E9854-7BB7-4098-BCAD-02D838075745}.Release|Any CPU.ActiveCfg = Release|Any CPU
		{F62E9854-7BB7-4098-BCAD-02D838075745}.Release|Any CPU.Build.0 = Release|Any CPU
		{FF946AC6-F988-4265-A0C6-A112DBDBB5AF}.Debug|Any CPU.ActiveCfg = Debug|Any CPU
		{FF946AC6-F988-4265-A0C6-A112DBDBB5AF}.Debug|Any CPU.Build.0 = Debug|Any CPU
		{FF946AC6-F988-4265-A0C6-A112DBDBB5AF}.Release|Any CPU.ActiveCfg = Release|Any CPU
		{FF946AC6-F988-4265-A0C6-A112DBDBB5AF}.Release|Any CPU.Build.0 = Release|Any CPU
	EndGlobalSection
	GlobalSection(SolutionProperties) = preSolution
		HideSolutionNode = FALSE
	EndGlobalSection
	GlobalSection(ExtensibilityGlobals) = postSolution
		SolutionGuid = {9386BDDA-9D55-4930-9FC1-69562FCB8645}
	EndGlobalSection
EndGlobal
